
Microsoft Visual Studio Solution File, Format Version 12.00
# Visual Studio Version 17
VisualStudioVersion = 17.4.33403.182
MinimumVisualStudioVersion = 10.0.40219.1
Project("{FAE04EC0-301F-11D3-BF4B-00C04F79EFBC}") = "MinifiguresAPI", "MinifiguresAPI\MinifiguresAPI.csproj", "{204A9DDE-CAA1-445F-A16B-91F604F222FD}"
EndProject
Global
	GlobalSection(SolutionConfigurationPlatforms) = preSolution
		Debug|Any CPU = Debug|Any CPU
		Release|Any CPU = Release|Any CPU
	EndGlobalSection
	GlobalSection(ProjectConfigurationPlatforms) = postSolution
		{204A9DDE-CAA1-445F-A16B-91F604F222FD}.Debug|Any CPU.ActiveCfg = Debug|Any CPU
		{204A9DDE-CAA1-445F-A16B-91F604F222FD}.Debug|Any CPU.Build.0 = Debug|Any CPU
		{204A9DDE-CAA1-445F-A16B-91F604F222FD}.Release|Any CPU.ActiveCfg = Release|Any CPU
		{204A9DDE-CAA1-445F-A16B-91F604F222FD}.Release|Any CPU.Build.0 = Release|Any CPU
	EndGlobalSection
	GlobalSection(SolutionProperties) = preSolution
		HideSolutionNode = FALSE
	EndGlobalSection
	GlobalSection(ExtensibilityGlobals) = postSolution
		SolutionGuid = {8976B596-C156-4079-8FE5-1756F1AE5D3C}
	EndGlobalSection
EndGlobal
